Symbio\OrangeGate\PageBundle\Entity\Block:
    properties:
        id:
            type: integer
        settings:
            type: array
        enabled:
            type: boolean
        position:
            type: integer

        # references
        site:
            type: Symbio\OrangeGate\PageBundle\Entity\Site
        page:
            type: Symbio\OrangeGate\PageBundle\Entity\Page
        children:
            type: ArrayCollection<Symbio\OrangeGate\PageBundle\Entity\Block>
        parent:
            exclude: true
            type: Symbio\OrangeGate\PageBundle\Entity\Block
        translations:
            type: ArrayCollection<Symbio\OrangeGate\PageBundle\Entity\BlockTranslation>
